
Microsoft Visual Studio Solution File, Format Version 12.00
# Visual Studio Version 17
VisualStudioVersion = 17.0.31903.59
MinimumVisualStudioVersion = 10.0.40219.1
Project("{FAE04EC0-301F-11D3-BF4B-00C04F79EFBC}") = "PitControl.Api", "PitControl.Api\PitControl.Api.csproj", "{A5C57792-3B0D-46A9-9771-A4C2F428CFCB}"
EndProject
Project("{FAE04EC0-301F-11D3-BF4B-00C04F79EFBC}") = "PitControl.Domain", "PitControl.Domain\PitControl.Domain.csproj", "{3354F968-9F68-4897-87F3-94D5104A0297}"
EndProject
Project("{FAE04EC0-301F-11D3-BF4B-00C04F79EFBC}") = "PitControl.Application", "PitControl.Application\PitControl.Application.csproj", "{CB0FA30F-C4BE-48C0-B4B8-ADC14EDCE187}"
EndProject
Project("{FAE04EC0-301F-11D3-BF4B-00C04F79EFBC}") = "PitControl.Infra.Data", "PitControl.Infra.Data\PitControl.Infra.Data.csproj", "{F4B2CDB0-923E-4D1A-8ADB-897A6CFC5803}"
EndProject
Global
	GlobalSection(SolutionConfigurationPlatforms) = preSolution
		Debug|Any CPU = Debug|Any CPU
		Debug|x64 = Debug|x64
		Debug|x86 = Debug|x86
		Release|Any CPU = Release|Any CPU
		Release|x64 = Release|x64
		Release|x86 = Release|x86
	EndGlobalSection
	GlobalSection(ProjectConfigurationPlatforms) = postSolution
		{A5C57792-3B0D-46A9-9771-A4C2F428CFCB}.Debug|Any CPU.ActiveCfg = Debug|Any CPU
		{A5C57792-3B0D-46A9-9771-A4C2F428CFCB}.Debug|Any CPU.Build.0 = Debug|Any CPU
		{A5C57792-3B0D-46A9-9771-A4C2F428CFCB}.Debug|x64.ActiveCfg = Debug|Any CPU
		{A5C57792-3B0D-46A9-9771-A4C2F428CFCB}.Debug|x64.Build.0 = Debug|Any CPU
		{A5C57792-3B0D-46A9-9771-A4C2F428CFCB}.Debug|x86.ActiveCfg = Debug|Any CPU
		{A5C57792-3B0D-46A9-9771-A4C2F428CFCB}.Debug|x86.Build.0 = Debug|Any CPU
		{A5C57792-3B0D-46A9-9771-A4C2F428CFCB}.Release|Any CPU.ActiveCfg = Release|Any CPU
		{A5C57792-3B0D-46A9-9771-A4C2F428CFCB}.Release|Any CPU.Build.0 = Release|Any CPU
		{A5C57792-3B0D-46A9-9771-A4C2F428CFCB}.Release|x64.ActiveCfg = Release|Any CPU
		{A5C57792-3B0D-46A9-9771-A4C2F428CFCB}.Release|x64.Build.0 = Release|Any CPU
		{A5C57792-3B0D-46A9-9771-A4C2F428CFCB}.Release|x86.ActiveCfg = Release|Any CPU
		{A5C57792-3B0D-46A9-9771-A4C2F428CFCB}.Release|x86.Build.0 = Release|Any CPU
		{3354F968-9F68-4897-87F3-94D5104A0297}.Debug|Any CPU.ActiveCfg = Debug|Any CPU
		{3354F968-9F68-4897-87F3-94D5104A0297}.Debug|Any CPU.Build.0 = Debug|Any CPU
		{3354F968-9F68-4897-87F3-94D5104A0297}.Debug|x64.ActiveCfg = Debug|Any CPU
		{3354F968-9F68-4897-87F3-94D5104A0297}.Debug|x64.Build.0 = Debug|Any CPU
		{3354F968-9F68-4897-87F3-94D5104A0297}.Debug|x86.ActiveCfg = Debug|Any CPU
		{3354F968-9F68-4897-87F3-94D5104A0297}.Debug|x86.Build.0 = Debug|Any CPU
		{3354F968-9F68-4897-87F3-94D5104A0297}.Release|Any CPU.ActiveCfg = Release|Any CPU
		{3354F968-9F68-4897-87F3-94D5104A0297}.Release|Any CPU.Build.0 = Release|Any CPU
		{3354F968-9F68-4897-87F3-94D5104A0297}.Release|x64.ActiveCfg = Release|Any CPU
		{3354F968-9F68-4897-87F3-94D5104A0297}.Release|x64.Build.0 = Release|Any CPU
		{3354F968-9F68-4897-87F3-94D5104A0297}.Release|x86.ActiveCfg = Release|Any CPU
		{3354F968-9F68-4897-87F3-94D5104A0297}.Release|x86.Build.0 = Release|Any CPU
		{CB0FA30F-C4BE-48C0-B4B8-ADC14EDCE187}.Debug|Any CPU.ActiveCfg = Debug|Any CPU
		{CB0FA30F-C4BE-48C0-B4B8-ADC14EDCE187}.Debug|Any CPU.Build.0 = Debug|Any CPU
		{CB0FA30F-C4BE-48C0-B4B8-ADC14EDCE187}.Debug|x64.ActiveCfg = Debug|Any CPU
		{CB0FA30F-C4BE-48C0-B4B8-ADC14EDCE187}.Debug|x64.Build.0 = Debug|Any CPU
		{CB0FA30F-C4BE-48C0-B4B8-ADC14EDCE187}.Debug|x86.ActiveCfg = Debug|Any CPU
		{CB0FA30F-C4BE-48C0-B4B8-ADC14EDCE187}.Debug|x86.Build.0 = Debug|Any CPU
		{CB0FA30F-C4BE-48C0-B4B8-ADC14EDCE187}.Release|Any CPU.ActiveCfg = Release|Any CPU
		{CB0FA30F-C4BE-48C0-B4B8-ADC14EDCE187}.Release|Any CPU.Build.0 = Release|Any CPU
		{CB0FA30F-C4BE-48C0-B4B8-ADC14EDCE187}.Release|x64.ActiveCfg = Release|Any CPU
		{CB0FA30F-C4BE-48C0-B4B8-ADC14EDCE187}.Release|x64.Build.0 = Release|Any CPU
		{CB0FA30F-C4BE-48C0-B4B8-ADC14EDCE187}.Release|x86.ActiveCfg = Release|Any CPU
		{CB0FA30F-C4BE-48C0-B4B8-ADC14EDCE187}.Release|x86.Build.0 = Release|Any CPU
		{F4B2CDB0-923E-4D1A-8ADB-897A6CFC5803}.Debug|Any CPU.ActiveCfg = Debug|Any CPU
		{F4B2CDB0-923E-4D1A-8ADB-897A6CFC5803}.Debug|Any CPU.Build.0 = Debug|Any CPU
		{F4B2CDB0-923E-4D1A-8ADB-897A6CFC5803}.Debug|x64.ActiveCfg = Debug|Any CPU
		{F4B2CDB0-923E-4D1A-8ADB-897A6CFC5803}.Debug|x64.Build.0 = Debug|Any CPU
		{F4B2CDB0-923E-4D1A-8ADB-897A6CFC5803}.Debug|x86.ActiveCfg = Debug|Any CPU
		{F4B2CDB0-923E-4D1A-8ADB-897A6CFC5803}.Debug|x86.Build.0 = Debug|Any CPU
		{F4B2CDB0-923E-4D1A-8ADB-897A6CFC5803}.Release|Any CPU.ActiveCfg = Release|Any CPU
		{F4B2CDB0-923E-4D1A-8ADB-897A6CFC5803}.Release|Any CPU.Build.0 = Release|Any CPU
		{F4B2CDB0-923E-4D1A-8ADB-897A6CFC5803}.Release|x64.ActiveCfg = Release|Any CPU
		{F4B2CDB0-923E-4D1A-8ADB-897A6CFC5803}.Release|x64.Build.0 = Release|Any CPU
		{F4B2CDB0-923E-4D1A-8ADB-897A6CFC5803}.Release|x86.ActiveCfg = Release|Any CPU
		{F4B2CDB0-923E-4D1A-8ADB-897A6CFC5803}.Release|x86.Build.0 = Release|Any CPU
	EndGlobalSection
	GlobalSection(SolutionProperties) = preSolution
		HideSolutionNode = FALSE
	EndGlobalSection
EndGlobal
